
Microsoft Visual Studio Solution File, Format Version 12.00
# Visual Studio Version 17
VisualStudioVersion = 17.9.34616.47
MinimumVisualStudioVersion = 10.0.40219.1
Project("{FAE04EC0-301F-11D3-BF4B-00C04F79EFBC}") = "homework1", "homework1.csproj", "{C06B4BF6-F0FB-4118-BF24-165E0EDBD82C}"
EndProject
Global
	GlobalSection(SolutionConfigurationPlatforms) = preSolution
		Debug|Any CPU = Debug|Any CPU
		Release|Any CPU = Release|Any CPU
	EndGlobalSection
	GlobalSection(ProjectConfigurationPlatforms) = postSolution
		{C06B4BF6-F0FB-4118-BF24-165E0EDBD82C}.Debug|Any CPU.ActiveCfg = Debug|Any CPU
		{C06B4BF6-F0FB-4118-BF24-165E0EDBD82C}.Debug|Any CPU.Build.0 = Debug|Any CPU
		{C06B4BF6-F0FB-4118-BF24-165E0EDBD82C}.Release|Any CPU.ActiveCfg = Release|Any CPU
		{C06B4BF6-F0FB-4118-BF24-165E0EDBD82C}.Release|Any CPU.Build.0 = Release|Any CPU
	EndGlobalSection
	GlobalSection(SolutionProperties) = preSolution
		HideSolutionNode = FALSE
	EndGlobalSection
	GlobalSection(ExtensibilityGlobals) = postSolution
		SolutionGuid = {DF7233A2-7CD3-4CC5-9DC5-332C3F9396DA}
	EndGlobalSection
EndGlobal
